{
    "version": 3,
    "terraform_version": "0.9.11",
    "serial": 18,
    "lineage": "105bd5ab-35f1-468c-bef1-b2b5c9238f48",
    "modules": [
        {
            "path": [
                "root"
            ],
            "outputs": {
                "website_domain": {
                    "sensitive": false,
                    "type": "string",
                    "value": "s3-website-us-east-1.amazonaws.com"
                },
                "website_endpoint": {
                    "sensitive": false,
                    "type": "string",
                    "value": "js-chord-theory-website.s3-website-us-east-1.amazonaws.com"
                }
            },
            "resources": {
                "aws_s3_bucket.website_bucket": {
                    "type": "aws_s3_bucket",
                    "depends_on": [
                        "data.aws_iam_policy_document.s3_bucket_policy"
                    ],
                    "primary": {
                        "id": "js-chord-theory-website",
                        "attributes": {
                            "acceleration_status": "",
                            "acl": "public-read",
                            "arn": "arn:aws:s3:::js-chord-theory-website",
                            "bucket": "js-chord-theory-website",
                            "bucket_domain_name": "js-chord-theory-website.s3.amazonaws.com",
                            "force_destroy": "false",
                            "hosted_zone_id": "Z3AQBSTGFYJSTF",
                            "id": "js-chord-theory-website",
                            "logging.#": "0",
                            "policy": "{\"Statement\":[{\"Action\":\"s3:GetObject\",\"Effect\":\"Allow\",\"Principal\":\"*\",\"Resource\":\"arn:aws:s3:::js-chord-theory-website/*\",\"Sid\":\"\"}],\"Version\":\"2012-10-17\"}",
                            "region": "us-east-1",
                            "request_payer": "BucketOwner",
                            "tags.%": "0",
                            "versioning.#": "1",
                            "versioning.0.enabled": "false",
                            "versioning.0.mfa_delete": "false",
                            "website.#": "1",
                            "website.0.error_document": "error.html",
                            "website.0.index_document": "index.html",
                            "website.0.redirect_all_requests_to": "",
                            "website.0.routing_rules": "",
                            "website_domain": "s3-website-us-east-1.amazonaws.com",
                            "website_endpoint": "js-chord-theory-website.s3-website-us-east-1.amazonaws.com"
                        },
                        "meta": {},
                        "tainted": false
                    },
                    "deposed": [],
                    "provider": ""
                },
                "aws_s3_bucket_object.app_js": {
                    "type": "aws_s3_bucket_object",
                    "depends_on": [
                        "aws_s3_bucket.website_bucket"
                    ],
                    "primary": {
                        "id": "app.js",
                        "attributes": {
                            "acl": "private",
                            "bucket": "js-chord-theory-website",
                            "cache_control": "",
                            "content_disposition": "",
                            "content_encoding": "",
                            "content_language": "",
                            "content_type": "text/javascript",
                            "etag": "07382d968000585c40721329329c55f2",
                            "id": "app.js",
                            "key": "app.js",
                            "server_side_encryption": "",
                            "source": "../app.js",
                            "storage_class": "STANDARD",
                            "tags.%": "0",
                            "version_id": ""
                        },
                        "meta": {},
                        "tainted": false
                    },
                    "deposed": [],
                    "provider": ""
                },
                "aws_s3_bucket_object.index_html": {
                    "type": "aws_s3_bucket_object",
                    "depends_on": [
                        "aws_s3_bucket.website_bucket"
                    ],
                    "primary": {
                        "id": "index.html",
                        "attributes": {
                            "acl": "private",
                            "bucket": "js-chord-theory-website",
                            "cache_control": "",
                            "content_disposition": "",
                            "content_encoding": "",
                            "content_language": "",
                            "content_type": "text/html",
                            "etag": "4a2ef8254d2043f6683597de9e1bda71",
                            "id": "index.html",
                            "key": "index.html",
                            "server_side_encryption": "",
                            "source": "../index.html",
                            "storage_class": "STANDARD",
                            "tags.%": "0",
                            "version_id": ""
                        },
                        "meta": {},
                        "tainted": false
                    },
                    "deposed": [],
                    "provider": ""
                },
                "data.aws_iam_policy_document.s3_bucket_policy": {
                    "type": "aws_iam_policy_document",
                    "depends_on": [],
                    "primary": {
                        "id": "1482861953",
                        "attributes": {
                            "id": "1482861953",
                            "json": "{\n  \"Version\": \"2012-10-17\",\n  \"Statement\": [\n    {\n      \"Sid\": \"\",\n      \"Effect\": \"Allow\",\n      \"Action\": \"s3:GetObject\",\n      \"Resource\": \"arn:aws:s3:::js-chord-theory-website/*\",\n      \"Principal\": \"*\"\n    }\n  ]\n}",
                            "statement.#": "1",
                            "statement.0.actions.#": "1",
                            "statement.0.actions.2071725391": "s3:GetObject",
                            "statement.0.condition.#": "0",
                            "statement.0.effect": "Allow",
                            "statement.0.not_actions.#": "0",
                            "statement.0.not_principals.#": "0",
                            "statement.0.not_resources.#": "0",
                            "statement.0.principals.#": "1",
                            "statement.0.principals.636693895.identifiers.#": "1",
                            "statement.0.principals.636693895.identifiers.2679715827": "*",
                            "statement.0.principals.636693895.type": "AWS",
                            "statement.0.resources.#": "1",
                            "statement.0.resources.1596812369": "arn:aws:s3:::js-chord-theory-website/*",
                            "statement.0.sid": ""
                        },
                        "meta": {},
                        "tainted": false
                    },
                    "deposed": [],
                    "provider": ""
                }
            },
            "depends_on": []
        }
    ]
}
