{
  "version": 4,
  "terraform_version": "0.12.19",
  "serial": 19,
  "lineage": "105bd5ab-35f1-468c-bef1-b2b5c9238f48",
  "outputs": {
    "website_domain": {
      "value": "s3-website-us-east-1.amazonaws.com",
      "type": "string"
    },
    "website_endpoint": {
      "value": "js-chord-theory-website.s3-website-us-east-1.amazonaws.com",
      "type": "string"
    }
  },
  "resources": [
    {
      "mode": "data",
      "type": "aws_iam_policy_document",
      "name": "s3_bucket_policy",
      "provider": "provider.aws",
      "instances": [
        {
          "schema_version": 0,
          "attributes_flat": {
            "id": "1482861953",
            "json": "{\n  \"Version\": \"2012-10-17\",\n  \"Statement\": [\n    {\n      \"Sid\": \"\",\n      \"Effect\": \"Allow\",\n      \"Action\": \"s3:GetObject\",\n      \"Resource\": \"arn:aws:s3:::js-chord-theory-website/*\",\n      \"Principal\": \"*\"\n    }\n  ]\n}",
            "statement.#": "1",
            "statement.0.actions.#": "1",
            "statement.0.actions.2071725391": "s3:GetObject",
            "statement.0.condition.#": "0",
            "statement.0.effect": "Allow",
            "statement.0.not_actions.#": "0",
            "statement.0.not_principals.#": "0",
            "statement.0.not_resources.#": "0",
            "statement.0.principals.#": "1",
            "statement.0.principals.636693895.identifiers.#": "1",
            "statement.0.principals.636693895.identifiers.2679715827": "*",
            "statement.0.principals.636693895.type": "AWS",
            "statement.0.resources.#": "1",
            "statement.0.resources.1596812369": "arn:aws:s3:::js-chord-theory-website/*",
            "statement.0.sid": ""
          }
        }
      ]
    },
    {
      "mode": "managed",
      "type": "aws_s3_bucket",
      "name": "website_bucket",
      "provider": "provider.aws",
      "instances": [
        {
          "schema_version": 0,
          "attributes_flat": {
            "acceleration_status": "",
            "acl": "public-read",
            "arn": "arn:aws:s3:::js-chord-theory-website",
            "bucket": "js-chord-theory-website",
            "bucket_domain_name": "js-chord-theory-website.s3.amazonaws.com",
            "force_destroy": "false",
            "hosted_zone_id": "Z3AQBSTGFYJSTF",
            "id": "js-chord-theory-website",
            "logging.#": "0",
            "policy": "{\"Statement\":[{\"Action\":\"s3:GetObject\",\"Effect\":\"Allow\",\"Principal\":\"*\",\"Resource\":\"arn:aws:s3:::js-chord-theory-website/*\",\"Sid\":\"\"}],\"Version\":\"2012-10-17\"}",
            "region": "us-east-1",
            "request_payer": "BucketOwner",
            "tags.%": "0",
            "versioning.#": "1",
            "versioning.0.enabled": "false",
            "versioning.0.mfa_delete": "false",
            "website.#": "1",
            "website.0.error_document": "error.html",
            "website.0.index_document": "index.html",
            "website.0.redirect_all_requests_to": "",
            "website.0.routing_rules": "",
            "website_domain": "s3-website-us-east-1.amazonaws.com",
            "website_endpoint": "js-chord-theory-website.s3-website-us-east-1.amazonaws.com"
          },
          "depends_on": [
            "data.aws_iam_policy_document.s3_bucket_policy"
          ]
        }
      ]
    },
    {
      "mode": "managed",
      "type": "aws_s3_bucket_object",
      "name": "app_js",
      "provider": "provider.aws",
      "instances": [
        {
          "schema_version": 0,
          "attributes_flat": {
            "acl": "private",
            "bucket": "js-chord-theory-website",
            "cache_control": "",
            "content_disposition": "",
            "content_encoding": "",
            "content_language": "",
            "content_type": "text/javascript",
            "etag": "07382d968000585c40721329329c55f2",
            "id": "app.js",
            "key": "app.js",
            "server_side_encryption": "",
            "source": "../app.js",
            "storage_class": "STANDARD",
            "tags.%": "0",
            "version_id": ""
          },
          "depends_on": [
            "aws_s3_bucket.website_bucket"
          ]
        }
      ]
    },
    {
      "mode": "managed",
      "type": "aws_s3_bucket_object",
      "name": "index_html",
      "provider": "provider.aws",
      "instances": [
        {
          "schema_version": 0,
          "attributes_flat": {
            "acl": "private",
            "bucket": "js-chord-theory-website",
            "cache_control": "",
            "content_disposition": "",
            "content_encoding": "",
            "content_language": "",
            "content_type": "text/html",
            "etag": "0b06e4c5994bd553cbfe3b57bb0049fb",
            "id": "index.html",
            "key": "index.html",
            "server_side_encryption": "",
            "source": "../index.html",
            "storage_class": "STANDARD",
            "tags.%": "0",
            "version_id": ""
          },
          "depends_on": [
            "aws_s3_bucket.website_bucket"
          ]
        }
      ]
    }
  ]
}
